// !$*UTF8*$!
{
	archiveVersion = 1;
	classes = {
	};
	objectVersion = 55;
	objects = {

/* Begin PBXBuildFile section */
		7A7AA350286CB88F00FE943C /* AppDelegate.swift in Sources */ = {isa = PBXBuildFile; fileRef = 7A7AA34F286CB88F00FE943C /* AppDelegate.swift */; };
		7A7AA352286CB88F00FE943C /* SceneDelegate.swift in Sources */ = {isa = PBXBuildFile; fileRef = 7A7AA351286CB88F00FE943C /* SceneDelegate.swift */; };
		7A7AA354286CB88F00FE943C /* MainViewController.swift in Sources */ = {isa = PBXBuildFile; fileRef = 7A7AA353286CB88F00FE943C /* MainViewController.swift */; };
		7A7AA359286CB89300FE943C /* Assets.xcassets in Resources */ = {isa = PBXBuildFile; fileRef = 7A7AA358286CB89300FE943C /* Assets.xcassets */; };
		7A7AA35C286CB89300FE943C /* LaunchScreen.storyboard in Resources */ = {isa = PBXBuildFile; fileRef = 7A7AA35A286CB89300FE943C /* LaunchScreen.storyboard */; };
		7A7AA364286CBD3400FE943C /* PresentViewController.swift in Sources */ = {isa = PBXBuildFile; fileRef = 7A7AA363286CBD3400FE943C /* PresentViewController.swift */; };
		7A7AA366286CC30C00FE943C /* NavigationViewController.swift in Sources */ = {isa = PBXBuildFile; fileRef = 7A7AA365286CC30C00FE943C /* NavigationViewController.swift */; };
		7A7AA368286CC72500FE943C /* FirstViewController.swift in Sources */ = {isa = PBXBuildFile; fileRef = 7A7AA367286CC72500FE943C /* FirstViewController.swift */; };
		7A7AA36A286CC86B00FE943C /* SecondViewController.swift in Sources */ = {isa = PBXBuildFile; fileRef = 7A7AA369286CC86B00FE943C /* SecondViewController.swift */; };
		7A7AA36C286CCCA300FE943C /* NavigateWithStoryBoard.storyboard in Resources */ = {isa = PBXBuildFile; fileRef = 7A7AA36B286CCCA300FE943C /* NavigateWithStoryBoard.storyboard */; };
		7A7AA370286CCD6E00FE943C /* SFirstViewController.swift in Sources */ = {isa = PBXBuildFile; fileRef = 7A7AA36F286CCD6E00FE943C /* SFirstViewController.swift */; };
		7A7AA372286CCD7A00FE943C /* SSecondViewController.swift in Sources */ = {isa = PBXBuildFile; fileRef = 7A7AA371286CCD7A00FE943C /* SSecondViewController.swift */; };
/* End PBXBuildFile section */

/* Begin PBXFileReference section */
		7A7AA34C286CB88F00FE943C /* class_3_sample_navigation.app */ = {isa = PBXFileReference; explicitFileType = wrapper.application; includeInIndex = 0; path = class_3_sample_navigation.app; sourceTree = BUILT_PRODUCTS_DIR; };
		7A7AA34F286CB88F00FE943C /* AppDelegate.swift */ = {isa = PBXFileReference; lastKnownFileType = sourcecode.swift; path = AppDelegate.swift; sourceTree = "<group>"; };
		7A7AA351286CB88F00FE943C /* SceneDelegate.swift */ = {isa = PBXFileReference; lastKnownFileType = sourcecode.swift; path = SceneDelegate.swift; sourceTree = "<group>"; };
		7A7AA353286CB88F00FE943C /* MainViewController.swift */ = {isa = PBXFileReference; lastKnownFileType = sourcecode.swift; path = MainViewController.swift; sourceTree = "<group>"; };
		7A7AA358286CB89300FE943C /* Assets.xcassets */ = {isa = PBXFileReference; lastKnownFileType = folder.assetcatalog; path = Assets.xcassets; sourceTree = "<group>"; };
		7A7AA35B286CB89300FE943C /* Base */ = {isa = PBXFileReference; lastKnownFileType = file.storyboard; name = Base; path = Base.lproj/LaunchScreen.storyboard; sourceTree = "<group>"; };
		7A7AA35D286CB89300FE943C /* Info.plist */ = {isa = PBXFileReference; lastKnownFileType = text.plist.xml; path = Info.plist; sourceTree = "<group>"; };
		7A7AA363286CBD3400FE943C /* PresentViewController.swift */ = {isa = PBXFileReference; lastKnownFileType = sourcecode.swift; path = PresentViewController.swift; sourceTree = "<group>"; };
		7A7AA365286CC30C00FE943C /* NavigationViewController.swift */ = {isa = PBXFileReference; lastKnownFileType = sourcecode.swift; path = NavigationViewController.swift; sourceTree = "<group>"; };
		7A7AA367286CC72500FE943C /* FirstViewController.swift */ = {isa = PBXFileReference; lastKnownFileType = sourcecode.swift; path = FirstViewController.swift; sourceTree = "<group>"; };
		7A7AA369286CC86B00FE943C /* SecondViewController.swift */ = {isa = PBXFileReference; lastKnownFileType = sourcecode.swift; path = SecondViewController.swift; sourceTree = "<group>"; };
		7A7AA36B286CCCA300FE943C /* NavigateWithStoryBoard.storyboard */ = {isa = PBXFileReference; lastKnownFileType = file.storyboard; path = NavigateWithStoryBoard.storyboard; sourceTree = "<group>"; };
		7A7AA36F286CCD6E00FE943C /* SFirstViewController.swift */ = {isa = PBXFileReference; lastKnownFileType = sourcecode.swift; path = SFirstViewController.swift; sourceTree = "<group>"; };
		7A7AA371286CCD7A00FE943C /* SSecondViewController.swift */ = {isa = PBXFileReference; lastKnownFileType = sourcecode.swift; path = SSecondViewController.swift; sourceTree = "<group>"; };
/* End PBXFileReference section */

/* Begin PBXFrameworksBuildPhase section */
		7A7AA349286CB88F00FE943C /* Frameworks */ = {
			isa = PBXFrameworksBuildPhase;
			buildActionMask = 2147483647;
			files = (
			);
			runOnlyForDeploymentPostprocessing = 0;
		};
/* End PBXFrameworksBuildPhase section */

/* Begin PBXGroup section */
		7A7AA343286CB88F00FE943C = {
			isa = PBXGroup;
			children = (
				7A7AA34E286CB88F00FE943C /* class_3_sample_navigation */,
				7A7AA34D286CB88F00FE943C /* Products */,
			);
			sourceTree = "<group>";
		};
		7A7AA34D286CB88F00FE943C /* Products */ = {
			isa = PBXGroup;
			children = (
				7A7AA34C286CB88F00FE943C /* class_3_sample_navigation.app */,
			);
			name = Products;
			sourceTree = "<group>";
		};
		7A7AA34E286CB88F00FE943C /* class_3_sample_navigation */ = {
			isa = PBXGroup;
			children = (
				7A7AA34F286CB88F00FE943C /* AppDelegate.swift */,
				7A7AA351286CB88F00FE943C /* SceneDelegate.swift */,
				7A7AA36B286CCCA300FE943C /* NavigateWithStoryBoard.storyboard */,
				7A7AA358286CB89300FE943C /* Assets.xcassets */,
				7A7AA35A286CB89300FE943C /* LaunchScreen.storyboard */,
				7A7AA35D286CB89300FE943C /* Info.plist */,
				7A7AA36D286CCD1800FE943C /* ViewCode */,
				7A7AA36E286CCD3E00FE943C /* StoryBoard */,
			);
			path = class_3_sample_navigation;
			sourceTree = "<group>";
		};
		7A7AA36D286CCD1800FE943C /* ViewCode */ = {
			isa = PBXGroup;
			children = (
				7A7AA353286CB88F00FE943C /* MainViewController.swift */,
				7A7AA363286CBD3400FE943C /* PresentViewController.swift */,
				7A7AA365286CC30C00FE943C /* NavigationViewController.swift */,
				7A7AA367286CC72500FE943C /* FirstViewController.swift */,
				7A7AA369286CC86B00FE943C /* SecondViewController.swift */,
			);
			path = ViewCode;
			sourceTree = "<group>";
		};
		7A7AA36E286CCD3E00FE943C /* StoryBoard */ = {
			isa = PBXGroup;
			children = (
				7A7AA36F286CCD6E00FE943C /* SFirstViewController.swift */,
				7A7AA371286CCD7A00FE943C /* SSecondViewController.swift */,
			);
			path = StoryBoard;
			sourceTree = "<group>";
		};
/* End PBXGroup section */

/* Begin PBXNativeTarget section */
		7A7AA34B286CB88F00FE943C /* class_3_sample_navigation */ = {
			isa = PBXNativeTarget;
			buildConfigurationList = 7A7AA360286CB89300FE943C /* Build configuration list for PBXNativeTarget "class_3_sample_navigation" */;
			buildPhases = (
				7A7AA348286CB88F00FE943C /* Sources */,
				7A7AA349286CB88F00FE943C /* Frameworks */,
				7A7AA34A286CB88F00FE943C /* Resources */,
			);
			buildRules = (
			);
			dependencies = (
			);
			name = class_3_sample_navigation;
			productName = class_3_sample_navigation;
			productReference = 7A7AA34C286CB88F00FE943C /* class_3_sample_navigation.app */;
			productType = "com.apple.product-type.application";
		};
/* End PBXNativeTarget section */

/* Begin PBXProject section */
		7A7AA344286CB88F00FE943C /* Project object */ = {
			isa = PBXProject;
			attributes = {
				BuildIndependentTargetsInParallel = 1;
				LastSwiftUpdateCheck = 1340;
				LastUpgradeCheck = 1340;
				TargetAttributes = {
					7A7AA34B286CB88F00FE943C = {
						CreatedOnToolsVersion = 13.4.1;
					};
				};
			};
			buildConfigurationList = 7A7AA347286CB88F00FE943C /* Build configuration list for PBXProject "class_3_sample_navigation" */;
			compatibilityVersion = "Xcode 13.0";
			developmentRegion = en;
			hasScannedForEncodings = 0;
			knownRegions = (
				en,
				Base,
			);
			mainGroup = 7A7AA343286CB88F00FE943C;
			productRefGroup = 7A7AA34D286CB88F00FE943C /* Products */;
			projectDirPath = "";
			projectRoot = "";
			targets = (
				7A7AA34B286CB88F00FE943C /* class_3_sample_navigation */,
			);
		};
/* End PBXProject section */

/* Begin PBXResourcesBuildPhase section */
		7A7AA34A286CB88F00FE943C /* Resources */ = {
			isa = PBXResourcesBuildPhase;
			buildActionMask = 2147483647;
			files = (
				7A7AA36C286CCCA300FE943C /* NavigateWithStoryBoard.storyboard in Resources */,
				7A7AA35C286CB89300FE943C /* LaunchScreen.storyboard in Resources */,
				7A7AA359286CB89300FE943C /* Assets.xcassets in Resources */,
			);
			runOnlyForDeploymentPostprocessing = 0;
		};
/* End PBXResourcesBuildPhase section */

/* Begin PBXSourcesBuildPhase section */
		7A7AA348286CB88F00FE943C /* Sources */ = {
			isa = PBXSourcesBuildPhase;
			buildActionMask = 2147483647;
			files = (
				7A7AA354286CB88F00FE943C /* MainViewController.swift in Sources */,
				7A7AA350286CB88F00FE943C /* AppDelegate.swift in Sources */,
				7A7AA352286CB88F00FE943C /* SceneDelegate.swift in Sources */,
				7A7AA36A286CC86B00FE943C /* SecondViewController.swift in Sources */,
				7A7AA366286CC30C00FE943C /* NavigationViewController.swift in Sources */,
				7A7AA364286CBD3400FE943C /* PresentViewController.swift in Sources */,
				7A7AA368286CC72500FE943C /* FirstViewController.swift in Sources */,
				7A7AA372286CCD7A00FE943C /* SSecondViewController.swift in Sources */,
				7A7AA370286CCD6E00FE943C /* SFirstViewController.swift in Sources */,
			);
			runOnlyForDeploymentPostprocessing = 0;
		};
/* End PBXSourcesBuildPhase section */

/* Begin PBXVariantGroup section */
		7A7AA35A286CB89300FE943C /* LaunchScreen.storyboard */ = {
			isa = PBXVariantGroup;
			children = (
				7A7AA35B286CB89300FE943C /* Base */,
			);
			name = LaunchScreen.storyboard;
			sourceTree = "<group>";
		};
/* End PBXVariantGroup section */

/* Begin XCBuildConfiguration section */
		7A7AA35E286CB89300FE943C /* Debug */ = {
			isa = XCBuildConfiguration;
			buildSettings = {
				ALWAYS_SEARCH_USER_PATHS = NO;
				CLANG_ANALYZER_NONNULL = YES;
				CLANG_ANALYZER_NUMBER_OBJECT_CONVERSION = YES_AGGRESSIVE;
				CLANG_CXX_LANGUAGE_STANDARD = "gnu++17";
				CLANG_ENABLE_MODULES = YES;
				CLANG_ENABLE_OBJC_ARC = YES;
				CLANG_ENABLE_OBJC_WEAK = YES;
				CLANG_WARN_BLOCK_CAPTURE_AUTORELEASING = YES;
				CLANG_WARN_BOOL_CONVERSION = YES;
				CLANG_WARN_COMMA = YES;
				CLANG_WARN_CONSTANT_CONVERSION = YES;
				CLANG_WARN_DEPRECATED_OBJC_IMPLEMENTATIONS = YES;
				CLANG_WARN_DIRECT_OBJC_ISA_USAGE = YES_ERROR;
				CLANG_WARN_DOCUMENTATION_COMMENTS = YES;
				CLANG_WARN_EMPTY_BODY = YES;
				CLANG_WARN_ENUM_CONVERSION = YES;
				CLANG_WARN_INFINITE_RECURSION = YES;
				CLANG_WARN_INT_CONVERSION = YES;
				CLANG_WARN_NON_LITERAL_NULL_CONVERSION = YES;
				CLANG_WARN_OBJC_IMPLICIT_RETAIN_SELF = YES;
				CLANG_WARN_OBJC_LITERAL_CONVERSION = YES;
				CLANG_WARN_OBJC_ROOT_CLASS = YES_ERROR;
				CLANG_WARN_QUOTED_INCLUDE_IN_FRAMEWORK_HEADER = YES;
				CLANG_WARN_RANGE_LOOP_ANALYSIS = YES;
				CLANG_WARN_STRICT_PROTOTYPES = YES;
				CLANG_WARN_SUSPICIOUS_MOVE = YES;
				CLANG_WARN_UNGUARDED_AVAILABILITY = YES_AGGRESSIVE;
				CLANG_WARN_UNREACHABLE_CODE = YES;
				CLANG_WARN__DUPLICATE_METHOD_MATCH = YES;
				COPY_PHASE_STRIP = NO;
				DEBUG_INFORMATION_FORMAT = dwarf;
				ENABLE_STRICT_OBJC_MSGSEND = YES;
				ENABLE_TESTABILITY = YES;
				GCC_C_LANGUAGE_STANDARD = gnu11;
				GCC_DYNAMIC_NO_PIC = NO;
				GCC_NO_COMMON_BLOCKS = YES;
				GCC_OPTIMIZATION_LEVEL = 0;
				GCC_PREPROCESSOR_DEFINITIONS = (
					"DEBUG=1",
					"$(inherited)",
				);
				GCC_WARN_64_TO_32_BIT_CONVERSION = YES;
				GCC_WARN_ABOUT_RETURN_TYPE = YES_ERROR;
				GCC_WARN_UNDECLARED_SELECTOR = YES;
				GCC_WARN_UNINITIALIZED_AUTOS = YES_AGGRESSIVE;
				GCC_WARN_UNUSED_FUNCTION = YES;
				GCC_WARN_UNUSED_VARIABLE = YES;
				IPHONEOS_DEPLOYMENT_TARGET = 15.5;
				MTL_ENABLE_DEBUG_INFO = INCLUDE_SOURCE;
				MTL_FAST_MATH = YES;
				ONLY_ACTIVE_ARCH = YES;
				SDKROOT = iphoneos;
				SWIFT_ACTIVE_COMPILATION_CONDITIONS = DEBUG;
				SWIFT_OPTIMIZATION_LEVEL = "-Onone";
			};
			name = Debug;
		};
		7A7AA35F286CB89300FE943C /* Release */ = {
			isa = XCBuildConfiguration;
			buildSettings = {
				ALWAYS_SEARCH_USER_PATHS = NO;
				CLANG_ANALYZER_NONNULL = YES;
				CLANG_ANALYZER_NUMBER_OBJECT_CONVERSION = YES_AGGRESSIVE;
				CLANG_CXX_LANGUAGE_STANDARD = "gnu++17";
				CLANG_ENABLE_MODULES = YES;
				CLANG_ENABLE_OBJC_ARC = YES;
				CLANG_ENABLE_OBJC_WEAK = YES;
				CLANG_WARN_BLOCK_CAPTURE_AUTORELEASING = YES;
				CLANG_WARN_BOOL_CONVERSION = YES;
				CLANG_WARN_COMMA = YES;
				CLANG_WARN_CONSTANT_CONVERSION = YES;
				CLANG_WARN_DEPRECATED_OBJC_IMPLEMENTATIONS = YES;
				CLANG_WARN_DIRECT_OBJC_ISA_USAGE = YES_ERROR;
				CLANG_WARN_DOCUMENTATION_COMMENTS = YES;
				CLANG_WARN_EMPTY_BODY = YES;
				CLANG_WARN_ENUM_CONVERSION = YES;
				CLANG_WARN_INFINITE_RECURSION = YES;
				CLANG_WARN_INT_CONVERSION = YES;
				CLANG_WARN_NON_LITERAL_NULL_CONVERSION = YES;
				CLANG_WARN_OBJC_IMPLICIT_RETAIN_SELF = YES;
				CLANG_WARN_OBJC_LITERAL_CONVERSION = YES;
				CLANG_WARN_OBJC_ROOT_CLASS = YES_ERROR;
				CLANG_WARN_QUOTED_INCLUDE_IN_FRAMEWORK_HEADER = YES;
				CLANG_WARN_RANGE_LOOP_ANALYSIS = YES;
				CLANG_WARN_STRICT_PROTOTYPES = YES;
				CLANG_WARN_SUSPICIOUS_MOVE = YES;
				CLANG_WARN_UNGUARDED_AVAILABILITY = YES_AGGRESSIVE;
				CLANG_WARN_UNREACHABLE_CODE = YES;
				CLANG_WARN__DUPLICATE_METHOD_MATCH = YES;
				COPY_PHASE_STRIP = NO;
				DEBUG_INFORMATION_FORMAT = "dwarf-with-dsym";
				ENABLE_NS_ASSERTIONS = NO;
				ENABLE_STRICT_OBJC_MSGSEND = YES;
				GCC_C_LANGUAGE_STANDARD = gnu11;
				GCC_NO_COMMON_BLOCKS = YES;
				GCC_WARN_64_TO_32_BIT_CONVERSION = YES;
				GCC_WARN_ABOUT_RETURN_TYPE = YES_ERROR;
				GCC_WARN_UNDECLARED_SELECTOR = YES;
				GCC_WARN_UNINITIALIZED_AUTOS = YES_AGGRESSIVE;
				GCC_WARN_UNUSED_FUNCTION = YES;
				GCC_WARN_UNUSED_VARIABLE = YES;
				IPHONEOS_DEPLOYMENT_TARGET = 15.5;
				MTL_ENABLE_DEBUG_INFO = NO;
				MTL_FAST_MATH = YES;
				SDKROOT = iphoneos;
				SWIFT_COMPILATION_MODE = wholemodule;
				SWIFT_OPTIMIZATION_LEVEL = "-O";
				VALIDATE_PRODUCT = YES;
			};
			name = Release;
		};
		7A7AA361286CB89300FE943C /* Debug */ = {
			isa = XCBuildConfiguration;
			buildSettings = {
				ASSETCATALOG_COMPILER_APPICON_NAME = AppIcon;
				ASSETCATALOG_COMPILER_GLOBAL_ACCENT_COLOR_NAME = AccentColor;
				CODE_SIGN_STYLE = Automatic;
				CURRENT_PROJECT_VERSION = 1;
				DEVELOPMENT_TEAM = RMB6QE6U8Z;
				GENERATE_INFOPLIST_FILE = YES;
				INFOPLIST_FILE = class_3_sample_navigation/Info.plist;
				INFOPLIST_KEY_UIApplicationSupportsIndirectInputEvents = YES;
				INFOPLIST_KEY_UILaunchStoryboardName = LaunchScreen;
				INFOPLIST_KEY_UISupportedInterfaceOrientations_iPad = "UIInterfaceOrientationPortrait UIInterfaceOrientationPortraitUpsideDown UIInterfaceOrientationLandscapeLeft UIInterfaceOrientationLandscapeRight";
				INFOPLIST_KEY_UISupportedInterfaceOrientations_iPhone = "UIInterfaceOrientationPortrait UIInterfaceOrientationLandscapeLeft UIInterfaceOrientationLandscapeRight";
				LD_RUNPATH_SEARCH_PATHS = (
					"$(inherited)",
					"@executable_path/Frameworks",
				);
				MARKETING_VERSION = 1.0;
				PRODUCT_BUNDLE_IDENTIFIER = "com.example.projectName.class-3-sample-navigation";
				PRODUCT_NAME = "$(TARGET_NAME)";
				SWIFT_EMIT_LOC_STRINGS = YES;
				SWIFT_VERSION = 5.0;
				TARGETED_DEVICE_FAMILY = "1,2";
			};
			name = Debug;
		};
		7A7AA362286CB89300FE943C /* Release */ = {
			isa = XCBuildConfiguration;
			buildSettings = {
				ASSETCATALOG_COMPILER_APPICON_NAME = AppIcon;
				ASSETCATALOG_COMPILER_GLOBAL_ACCENT_COLOR_NAME = AccentColor;
				CODE_SIGN_STYLE = Automatic;
				CURRENT_PROJECT_VERSION = 1;
				DEVELOPMENT_TEAM = RMB6QE6U8Z;
				GENERATE_INFOPLIST_FILE = YES;
				INFOPLIST_FILE = class_3_sample_navigation/Info.plist;
				INFOPLIST_KEY_UIApplicationSupportsIndirectInputEvents = YES;
				INFOPLIST_KEY_UILaunchStoryboardName = LaunchScreen;
				INFOPLIST_KEY_UISupportedInterfaceOrientations_iPad = "UIInterfaceOrientationPortrait UIInterfaceOrientationPortraitUpsideDown UIInterfaceOrientationLandscapeLeft UIInterfaceOrientationLandscapeRight";
				INFOPLIST_KEY_UISupportedInterfaceOrientations_iPhone = "UIInterfaceOrientationPortrait UIInterfaceOrientationLandscapeLeft UIInterfaceOrientationLandscapeRight";
				LD_RUNPATH_SEARCH_PATHS = (
					"$(inherited)",
					"@executable_path/Frameworks",
				);
				MARKETING_VERSION = 1.0;
				PRODUCT_BUNDLE_IDENTIFIER = "com.example.projectName.class-3-sample-navigation";
				PRODUCT_NAME = "$(TARGET_NAME)";
				SWIFT_EMIT_LOC_STRINGS = YES;
				SWIFT_VERSION = 5.0;
				TARGETED_DEVICE_FAMILY = "1,2";
			};
			name = Release;
		};
/* End XCBuildConfiguration section */

/* Begin XCConfigurationList section */
		7A7AA347286CB88F00FE943C /* Build configuration list for PBXProject "class_3_sample_navigation" */ = {
			isa = XCConfigurationList;
			buildConfigurations = (
				7A7AA35E286CB89300FE943C /* Debug */,
				7A7AA35F286CB89300FE943C /* Release */,
			);
			defaultConfigurationIsVisible = 0;
			defaultConfigurationName = Release;
		};
		7A7AA360286CB89300FE943C /* Build configuration list for PBXNativeTarget "class_3_sample_navigation" */ = {
			isa = XCConfigurationList;
			buildConfigurations = (
				7A7AA361286CB89300FE943C /* Debug */,
				7A7AA362286CB89300FE943C /* Release */,
			);
			defaultConfigurationIsVisible = 0;
			defaultConfigurationName = Release;
		};
/* End XCConfigurationList section */
	};
	rootObject = 7A7AA344286CB88F00FE943C /* Project object */;
}
